
Microsoft Visual Studio Solution File, Format Version 12.00
# Visual Studio Version 17
VisualStudioVersion = 17.7.34018.315
MinimumVisualStudioVersion = 10.0.40219.1
Project("{9A19103F-16F7-4668-BE54-9A1E7A4F7556}") = "Backend", "src\Backend\Backend.csproj", "{9497A9F2-9B1B-4EC5-A688-C14B1F37F3CE}"
EndProject
Project("{9A19103F-16F7-4668-BE54-9A1E7A4F7556}") = "Database", "src\Database\Database.csproj", "{D89AA63F-256B-4F28-AA4F-3B7AD9D50F73}"
EndProject
Global
	GlobalSection(SolutionConfigurationPlatforms) = preSolution
		Debug|Any CPU = Debug|Any CPU
		Release|Any CPU = Release|Any CPU
	EndGlobalSection
	GlobalSection(ProjectConfigurationPlatforms) = postSolution
		{9497A9F2-9B1B-4EC5-A688-C14B1F37F3CE}.Debug|Any CPU.ActiveCfg = Debug|Any CPU
		{9497A9F2-9B1B-4EC5-A688-C14B1F37F3CE}.Debug|Any CPU.Build.0 = Debug|Any CPU
		{9497A9F2-9B1B-4EC5-A688-C14B1F37F3CE}.Release|Any CPU.ActiveCfg = Release|Any CPU
		{9497A9F2-9B1B-4EC5-A688-C14B1F37F3CE}.Release|Any CPU.Build.0 = Release|Any CPU
		{D89AA63F-256B-4F28-AA4F-3B7AD9D50F73}.Debug|Any CPU.ActiveCfg = Debug|Any CPU
		{D89AA63F-256B-4F28-AA4F-3B7AD9D50F73}.Debug|Any CPU.Build.0 = Debug|Any CPU
		{D89AA63F-256B-4F28-AA4F-3B7AD9D50F73}.Release|Any CPU.ActiveCfg = Release|Any CPU
		{D89AA63F-256B-4F28-AA4F-3B7AD9D50F73}.Release|Any CPU.Build.0 = Release|Any CPU
	EndGlobalSection
	GlobalSection(SolutionProperties) = preSolution
		HideSolutionNode = FALSE
	EndGlobalSection
	GlobalSection(ExtensibilityGlobals) = postSolution
		SolutionGuid = {414AC263-8702-4B48-9004-3947B202B027}
	EndGlobalSection
EndGlobal
